<?xml version="1.0" encoding="UTF-8" standalone="yes" ?>
<CodeBlocks_project_file>
	<FileVersion major="1" minor="6" />
	<Project>
		<Option title="fbide" />
		<Option compiler="gcc" />
		<Option virtualFolders="App\Cmd\;App\;App\UI\xpm\;App\UI\;App\Supporting Files\;App\Document\;App\Editor\;App\Type\;App\Config\;yaml-cpp\;" />
		<Build>
			<Target title="Debug">
				<Option platforms="Windows;" />
				<Option output="bin/Debug/fbide" prefix_auto="1" extension_auto="1" />
				<Option object_output="obj/Debug/" />
				<Option type="0" />
				<Option compiler="gcc" />
				<Compiler>
					<Add option="-g" />
					<Add option="-D__WXDEBUG__" />
					<Add option="-DDEBUG" />
					<Add directory="$(#wx.lib)/gcc_dll/mswud" />
				</Compiler>
				<Linker>
					<Add library="wxmsw31ud_core" />
					<Add library="wxbase31ud" />
					<Add library="wxmsw31ud_aui" />
					<Add library="wxmsw31ud_adv" />
					<Add library="wxmsw31ud_stc" />
				</Linker>
			</Target>
			<Target title="Release">
				<Option platforms="Windows;" />
				<Option output="bin/Release/fbide" prefix_auto="1" extension_auto="1" />
				<Option object_output="obj/Release/" />
				<Option type="0" />
				<Option compiler="gcc" />
				<Compiler>
					<Add option="-O2" />
					<Add option="-DNDEBUG" />
					<Add directory="$(#wx.lib)/gcc_dll/mswu" />
				</Compiler>
				<Linker>
					<Add option="-s" />
					<Add library="wxmsw31u_core" />
					<Add library="wxbase31u" />
					<Add library="wxmsw31u_aui" />
					<Add library="wxmsw31u_adv" />
					<Add library="wxmsw31u_stc" />
				</Linker>
			</Target>
		</Build>
		<Compiler>
			<Add option="-Wall" />
			<Add option="-std=c++14" />
			<Add option="-m64" />
			<Add option="-Winvalid-pch" />
			<Add option='-include &quot;src/app_pch.hpp&quot;' />
			<Add option="-Wno-deprecated-declarations" />
			<Add option="-pipe" />
			<Add option="-D__WXMSW__" />
			<Add option="-D_UNICODE" />
			<Add option="-DWXUSINGDLL" />
			<Add directory="$(PROJECT_DIR)yaml-cpp/include" />
			<Add directory="$(#wx.include)" />
			<Add directory="$(#boost)" />
		</Compiler>
		<Linker>
			<Add option="-m64" />
			<Add option="-mthreads" />
			<Add directory="$(#wx.lib)/gcc_dll" />
		</Linker>
		<ExtraCommands>
			<Add after="cmd /c XCOPY $(PROJECT_DIR)ide /E /H /K /Y $(TARGET_OUTPUT_DIR)ide\" />
			<Mode after="always" />
		</ExtraCommands>
		<Unit filename="ide/fbide.yaml">
			<Option target="&lt;{~None~}&gt;" />
		</Unit>
		<Unit filename="ide/lang.en.yaml">
			<Option target="&lt;{~None~}&gt;" />
		</Unit>
		<Unit filename="src/App.cpp">
			<Option virtualFolder="App/Supporting Files/" />
		</Unit>
		<Unit filename="src/CmdManager.cpp">
			<Option virtualFolder="App/Cmd/" />
		</Unit>
		<Unit filename="src/CmdManager.hpp">
			<Option virtualFolder="App/Cmd/" />
		</Unit>
		<Unit filename="src/Config.cpp">
			<Option virtualFolder="App/Config/" />
		</Unit>
		<Unit filename="src/Config.hpp">
			<Option virtualFolder="App/Config/" />
		</Unit>
		<Unit filename="src/ConfigManager.cpp">
			<Option virtualFolder="App/Config/" />
		</Unit>
		<Unit filename="src/ConfigManager.hpp">
			<Option virtualFolder="App/Config/" />
		</Unit>
		<Unit filename="src/Document.cpp">
			<Option virtualFolder="App/Document/" />
		</Unit>
		<Unit filename="src/Document.hpp">
			<Option virtualFolder="App/Document/" />
		</Unit>
		<Unit filename="src/EditorDocument.cpp">
			<Option virtualFolder="App/Document/" />
		</Unit>
		<Unit filename="src/EditorDocument.hpp">
			<Option virtualFolder="App/Document/" />
		</Unit>
		<Unit filename="src/IArtProvider.hpp">
			<Option virtualFolder="App/UI/" />
		</Unit>
		<Unit filename="src/MainWindow.cpp">
			<Option virtualFolder="App/UI/" />
		</Unit>
		<Unit filename="src/MainWindow.hpp">
			<Option virtualFolder="App/UI/" />
		</Unit>
		<Unit filename="src/Manager.cpp">
			<Option virtualFolder="App/Supporting Files/" />
		</Unit>
		<Unit filename="src/Manager.hpp">
			<Option virtualFolder="App/Supporting Files/" />
		</Unit>
		<Unit filename="src/MenuHandler.cpp">
			<Option virtualFolder="App/UI/" />
		</Unit>
		<Unit filename="src/MenuHandler.hpp">
			<Option virtualFolder="App/UI/" />
		</Unit>
		<Unit filename="src/StandardArtProvider.cpp">
			<Option virtualFolder="App/UI/" />
		</Unit>
		<Unit filename="src/StandardArtProvider.hpp">
			<Option virtualFolder="App/UI/" />
		</Unit>
		<Unit filename="src/StyledEditor.cpp">
			<Option virtualFolder="App/Editor/" />
		</Unit>
		<Unit filename="src/StyledEditor.hpp">
			<Option virtualFolder="App/Editor/" />
		</Unit>
		<Unit filename="src/ToolbarHandler.cpp">
			<Option virtualFolder="App/UI/" />
		</Unit>
		<Unit filename="src/ToolbarHandler.hpp">
			<Option virtualFolder="App/UI/" />
		</Unit>
		<Unit filename="src/TypeManager.cpp">
			<Option virtualFolder="App/Type/" />
		</Unit>
		<Unit filename="src/TypeManager.hpp">
			<Option virtualFolder="App/Type/" />
		</Unit>
		<Unit filename="src/UiManager.cpp">
			<Option virtualFolder="App/UI/" />
		</Unit>
		<Unit filename="src/UiManager.hpp">
			<Option virtualFolder="App/UI/" />
		</Unit>
		<Unit filename="src/Utils.hpp">
			<Option virtualFolder="App/Supporting Files/" />
		</Unit>
		<Unit filename="src/app_pch.hpp">
			<Option compile="1" />
			<Option weight="0" />
			<Option virtualFolder="App/Supporting Files/" />
		</Unit>
		<Unit filename="src/xpm/about.xpm">
			<Option virtualFolder="App/UI/xpm/" />
		</Unit>
		<Unit filename="src/xpm/add.xpm">
			<Option virtualFolder="App/UI/xpm/" />
		</Unit>
		<Unit filename="src/xpm/addbook.xpm">
			<Option virtualFolder="App/UI/xpm/" />
		</Unit>
		<Unit filename="src/xpm/addsrc.xpm">
			<Option virtualFolder="App/UI/xpm/" />
		</Unit>
		<Unit filename="src/xpm/arricon.xpm">
			<Option virtualFolder="App/UI/xpm/" />
		</Unit>
		<Unit filename="src/xpm/bughlp.xpm">
			<Option virtualFolder="App/UI/xpm/" />
		</Unit>
		<Unit filename="src/xpm/close.xpm">
			<Option virtualFolder="App/UI/xpm/" />
		</Unit>
		<Unit filename="src/xpm/closefl.xpm">
			<Option virtualFolder="App/UI/xpm/" />
		</Unit>
		<Unit filename="src/xpm/clrhist.xpm">
			<Option virtualFolder="App/UI/xpm/" />
		</Unit>
		<Unit filename="src/xpm/clsall.xpm">
			<Option virtualFolder="App/UI/xpm/" />
		</Unit>
		<Unit filename="src/xpm/colours.xpm">
			<Option virtualFolder="App/UI/xpm/" />
		</Unit>
		<Unit filename="src/xpm/compile.xpm">
			<Option virtualFolder="App/UI/xpm/" />
		</Unit>
		<Unit filename="src/xpm/compopt.xpm">
			<Option virtualFolder="App/UI/xpm/" />
		</Unit>
		<Unit filename="src/xpm/compres.xpm">
			<Option virtualFolder="App/UI/xpm/" />
		</Unit>
		<Unit filename="src/xpm/comprun.xpm">
			<Option virtualFolder="App/UI/xpm/" />
		</Unit>
		<Unit filename="src/xpm/copy.xpm">
			<Option virtualFolder="App/UI/xpm/" />
		</Unit>
		<Unit filename="src/xpm/cut.xpm">
			<Option virtualFolder="App/UI/xpm/" />
		</Unit>
		<Unit filename="src/xpm/debug.xpm">
			<Option virtualFolder="App/UI/xpm/" />
		</Unit>
		<Unit filename="src/xpm/dos.xpm">
			<Option virtualFolder="App/UI/xpm/" />
		</Unit>
		<Unit filename="src/xpm/empty.xpm">
			<Option virtualFolder="App/UI/xpm/" />
		</Unit>
		<Unit filename="src/xpm/envopt.xpm">
			<Option virtualFolder="App/UI/xpm/" />
		</Unit>
		<Unit filename="src/xpm/explor.xpm">
			<Option virtualFolder="App/UI/xpm/" />
		</Unit>
		<Unit filename="src/xpm/export.xpm">
			<Option virtualFolder="App/UI/xpm/" />
		</Unit>
		<Unit filename="src/xpm/gobook.xpm">
			<Option virtualFolder="App/UI/xpm/" />
		</Unit>
		<Unit filename="src/xpm/help.xpm">
			<Option virtualFolder="App/UI/xpm/" />
		</Unit>
		<Unit filename="src/xpm/homepg.xpm">
			<Option virtualFolder="App/UI/xpm/" />
		</Unit>
		<Unit filename="src/xpm/icon.xpm">
			<Option virtualFolder="App/UI/xpm/" />
		</Unit>
		<Unit filename="src/xpm/insert.xpm">
			<Option virtualFolder="App/UI/xpm/" />
		</Unit>
		<Unit filename="src/xpm/makefl.xpm">
			<Option virtualFolder="App/UI/xpm/" />
		</Unit>
		<Unit filename="src/xpm/minall.xpm">
			<Option virtualFolder="App/UI/xpm/" />
		</Unit>
		<Unit filename="src/xpm/newproj.xpm">
			<Option virtualFolder="App/UI/xpm/" />
		</Unit>
		<Unit filename="src/xpm/newsrc.xpm">
			<Option virtualFolder="App/UI/xpm/" />
		</Unit>
		<Unit filename="src/xpm/newtemp.xpm">
			<Option virtualFolder="App/UI/xpm/" />
		</Unit>
		<Unit filename="src/xpm/next.xpm">
			<Option virtualFolder="App/UI/xpm/" />
		</Unit>
		<Unit filename="src/xpm/openproj.xpm">
			<Option virtualFolder="App/UI/xpm/" />
		</Unit>
		<Unit filename="src/xpm/opnproj.xpm">
			<Option virtualFolder="App/UI/xpm/" />
		</Unit>
		<Unit filename="src/xpm/package.xpm">
			<Option virtualFolder="App/UI/xpm/" />
		</Unit>
		<Unit filename="src/xpm/packman.xpm">
			<Option virtualFolder="App/UI/xpm/" />
		</Unit>
		<Unit filename="src/xpm/paste.xpm">
			<Option virtualFolder="App/UI/xpm/" />
		</Unit>
		<Unit filename="src/xpm/prev.xpm">
			<Option virtualFolder="App/UI/xpm/" />
		</Unit>
		<Unit filename="src/xpm/print.xpm">
			<Option virtualFolder="App/UI/xpm/" />
		</Unit>
		<Unit filename="src/xpm/projopt.xpm">
			<Option virtualFolder="App/UI/xpm/" />
		</Unit>
		<Unit filename="src/xpm/rebuild.xpm">
			<Option virtualFolder="App/UI/xpm/" />
		</Unit>
		<Unit filename="src/xpm/redo.xpm">
			<Option virtualFolder="App/UI/xpm/" />
		</Unit>
		<Unit filename="src/xpm/remsrc.xpm">
			<Option virtualFolder="App/UI/xpm/" />
		</Unit>
		<Unit filename="src/xpm/reopen.xpm">
			<Option virtualFolder="App/UI/xpm/" />
		</Unit>
		<Unit filename="src/xpm/resrc.xpm">
			<Option virtualFolder="App/UI/xpm/" />
		</Unit>
		<Unit filename="src/xpm/run.xpm">
			<Option virtualFolder="App/UI/xpm/" />
		</Unit>
		<Unit filename="src/xpm/save.xpm">
			<Option virtualFolder="App/UI/xpm/" />
		</Unit>
		<Unit filename="src/xpm/saveall.xpm">
			<Option virtualFolder="App/UI/xpm/" />
		</Unit>
		<Unit filename="src/xpm/saveas.xpm">
			<Option virtualFolder="App/UI/xpm/" />
		</Unit>
		<Unit filename="src/xpm/screen.xpm">
			<Option virtualFolder="App/UI/xpm/" />
		</Unit>
		<Unit filename="src/xpm/search.xpm">
			<Option virtualFolder="App/UI/xpm/" />
		</Unit>
		<Unit filename="src/xpm/srcagain.xpm">
			<Option virtualFolder="App/UI/xpm/" />
		</Unit>
		<Unit filename="src/xpm/srchrep.xpm">
			<Option virtualFolder="App/UI/xpm/" />
		</Unit>
		<Unit filename="src/xpm/temphlp.xpm">
			<Option virtualFolder="App/UI/xpm/" />
		</Unit>
		<Unit filename="src/xpm/tile.xpm">
			<Option virtualFolder="App/UI/xpm/" />
		</Unit>
		<Unit filename="src/xpm/toolbar.xpm">
			<Option virtualFolder="App/UI/xpm/" />
		</Unit>
		<Unit filename="src/xpm/tools.xpm">
			<Option virtualFolder="App/UI/xpm/" />
		</Unit>
		<Unit filename="src/xpm/tutor.xpm">
			<Option virtualFolder="App/UI/xpm/" />
		</Unit>
		<Unit filename="src/xpm/undo.xpm">
			<Option virtualFolder="App/UI/xpm/" />
		</Unit>
		<Unit filename="src/xpm/update.xpm">
			<Option virtualFolder="App/UI/xpm/" />
		</Unit>
		<Unit filename="src/xpm/xpm_goto.xpm">
			<Option virtualFolder="App/UI/xpm/" />
		</Unit>
		<Unit filename="yaml-cpp/include/yaml-cpp/anchor.h" />
		<Unit filename="yaml-cpp/include/yaml-cpp/binary.h" />
		<Unit filename="yaml-cpp/include/yaml-cpp/contrib/anchordict.h" />
		<Unit filename="yaml-cpp/include/yaml-cpp/contrib/graphbuilder.h" />
		<Unit filename="yaml-cpp/include/yaml-cpp/dll.h" />
		<Unit filename="yaml-cpp/include/yaml-cpp/emitfromevents.h" />
		<Unit filename="yaml-cpp/include/yaml-cpp/emitter.h" />
		<Unit filename="yaml-cpp/include/yaml-cpp/emitterdef.h" />
		<Unit filename="yaml-cpp/include/yaml-cpp/emittermanip.h" />
		<Unit filename="yaml-cpp/include/yaml-cpp/emitterstyle.h" />
		<Unit filename="yaml-cpp/include/yaml-cpp/eventhandler.h" />
		<Unit filename="yaml-cpp/include/yaml-cpp/exceptions.h" />
		<Unit filename="yaml-cpp/include/yaml-cpp/mark.h" />
		<Unit filename="yaml-cpp/include/yaml-cpp/node/convert.h" />
		<Unit filename="yaml-cpp/include/yaml-cpp/node/detail/bool_type.h" />
		<Unit filename="yaml-cpp/include/yaml-cpp/node/detail/impl.h" />
		<Unit filename="yaml-cpp/include/yaml-cpp/node/detail/iterator.h" />
		<Unit filename="yaml-cpp/include/yaml-cpp/node/detail/iterator_fwd.h" />
		<Unit filename="yaml-cpp/include/yaml-cpp/node/detail/memory.h" />
		<Unit filename="yaml-cpp/include/yaml-cpp/node/detail/node.h" />
		<Unit filename="yaml-cpp/include/yaml-cpp/node/detail/node_data.h" />
		<Unit filename="yaml-cpp/include/yaml-cpp/node/detail/node_iterator.h" />
		<Unit filename="yaml-cpp/include/yaml-cpp/node/detail/node_ref.h" />
		<Unit filename="yaml-cpp/include/yaml-cpp/node/emit.h" />
		<Unit filename="yaml-cpp/include/yaml-cpp/node/impl.h" />
		<Unit filename="yaml-cpp/include/yaml-cpp/node/iterator.h" />
		<Unit filename="yaml-cpp/include/yaml-cpp/node/node.h" />
		<Unit filename="yaml-cpp/include/yaml-cpp/node/parse.h" />
		<Unit filename="yaml-cpp/include/yaml-cpp/node/ptr.h" />
		<Unit filename="yaml-cpp/include/yaml-cpp/node/type.h" />
		<Unit filename="yaml-cpp/include/yaml-cpp/noncopyable.h" />
		<Unit filename="yaml-cpp/include/yaml-cpp/null.h" />
		<Unit filename="yaml-cpp/include/yaml-cpp/ostream_wrapper.h" />
		<Unit filename="yaml-cpp/include/yaml-cpp/parser.h" />
		<Unit filename="yaml-cpp/include/yaml-cpp/stlemitter.h" />
		<Unit filename="yaml-cpp/include/yaml-cpp/traits.h" />
		<Unit filename="yaml-cpp/include/yaml-cpp/yaml.h" />
		<Unit filename="yaml-cpp/src/binary.cpp" />
		<Unit filename="yaml-cpp/src/collectionstack.h" />
		<Unit filename="yaml-cpp/src/contrib/graphbuilder.cpp" />
		<Unit filename="yaml-cpp/src/contrib/graphbuilderadapter.cpp" />
		<Unit filename="yaml-cpp/src/contrib/graphbuilderadapter.h" />
		<Unit filename="yaml-cpp/src/convert.cpp" />
		<Unit filename="yaml-cpp/src/directives.cpp" />
		<Unit filename="yaml-cpp/src/directives.h" />
		<Unit filename="yaml-cpp/src/emit.cpp" />
		<Unit filename="yaml-cpp/src/emitfromevents.cpp" />
		<Unit filename="yaml-cpp/src/emitter.cpp" />
		<Unit filename="yaml-cpp/src/emitterstate.cpp" />
		<Unit filename="yaml-cpp/src/emitterstate.h" />
		<Unit filename="yaml-cpp/src/emitterutils.cpp" />
		<Unit filename="yaml-cpp/src/emitterutils.h" />
		<Unit filename="yaml-cpp/src/exp.cpp" />
		<Unit filename="yaml-cpp/src/exp.h" />
		<Unit filename="yaml-cpp/src/indentation.h" />
		<Unit filename="yaml-cpp/src/memory.cpp" />
		<Unit filename="yaml-cpp/src/node.cpp" />
		<Unit filename="yaml-cpp/src/node_data.cpp" />
		<Unit filename="yaml-cpp/src/nodebuilder.cpp" />
		<Unit filename="yaml-cpp/src/nodebuilder.h" />
		<Unit filename="yaml-cpp/src/nodeevents.cpp" />
		<Unit filename="yaml-cpp/src/nodeevents.h" />
		<Unit filename="yaml-cpp/src/null.cpp" />
		<Unit filename="yaml-cpp/src/ostream_wrapper.cpp" />
		<Unit filename="yaml-cpp/src/parse.cpp" />
		<Unit filename="yaml-cpp/src/parser.cpp" />
		<Unit filename="yaml-cpp/src/ptr_vector.h" />
		<Unit filename="yaml-cpp/src/regex_yaml.cpp" />
		<Unit filename="yaml-cpp/src/regex_yaml.h" />
		<Unit filename="yaml-cpp/src/regeximpl.h" />
		<Unit filename="yaml-cpp/src/scanner.cpp" />
		<Unit filename="yaml-cpp/src/scanner.h" />
		<Unit filename="yaml-cpp/src/scanscalar.cpp" />
		<Unit filename="yaml-cpp/src/scanscalar.h" />
		<Unit filename="yaml-cpp/src/scantag.cpp" />
		<Unit filename="yaml-cpp/src/scantag.h" />
		<Unit filename="yaml-cpp/src/scantoken.cpp" />
		<Unit filename="yaml-cpp/src/setting.h" />
		<Unit filename="yaml-cpp/src/simplekey.cpp" />
		<Unit filename="yaml-cpp/src/singledocparser.cpp" />
		<Unit filename="yaml-cpp/src/singledocparser.h" />
		<Unit filename="yaml-cpp/src/stream.cpp" />
		<Unit filename="yaml-cpp/src/stream.h" />
		<Unit filename="yaml-cpp/src/streamcharsource.h" />
		<Unit filename="yaml-cpp/src/stringsource.h" />
		<Unit filename="yaml-cpp/src/tag.cpp" />
		<Unit filename="yaml-cpp/src/tag.h" />
		<Unit filename="yaml-cpp/src/token.h" />
		<Extensions>
			<code_completion />
			<envvars />
			<debugger />
			<lib_finder disable_auto="1" />
		</Extensions>
	</Project>
</CodeBlocks_project_file>
