// !$*UTF8*$!
{
	archiveVersion = 1;
	classes = {
	};
	objectVersion = 46;
	objects = {

/* Begin PBXBuildFile section */
		509BD8D91DC14EAA0090B3C5 /* lexer.cpp in Sources */ = {isa = PBXBuildFile; fileRef = 509BD8D71DC14EAA0090B3C5 /* lexer.cpp */; };
		509BD8DA1DC14EAA0090B3C5 /* lexer.hpp in Headers */ = {isa = PBXBuildFile; fileRef = 509BD8D81DC14EAA0090B3C5 /* lexer.hpp */; };
		509BD9151DC14F500090B3C5 /* ILexer.h in Headers */ = {isa = PBXBuildFile; fileRef = 509BD8DD1DC14F500090B3C5 /* ILexer.h */; };
		509BD9161DC14F500090B3C5 /* Platform.h in Headers */ = {isa = PBXBuildFile; fileRef = 509BD8DE1DC14F500090B3C5 /* Platform.h */; };
		509BD9171DC14F500090B3C5 /* Sci_Position.h in Headers */ = {isa = PBXBuildFile; fileRef = 509BD8DF1DC14F500090B3C5 /* Sci_Position.h */; };
		509BD9181DC14F500090B3C5 /* SciLexer.h in Headers */ = {isa = PBXBuildFile; fileRef = 509BD8E01DC14F500090B3C5 /* SciLexer.h */; };
		509BD9191DC14F500090B3C5 /* Scintilla.h in Headers */ = {isa = PBXBuildFile; fileRef = 509BD8E11DC14F500090B3C5 /* Scintilla.h */; };
		509BD91A1DC14F500090B3C5 /* ScintillaWidget.h in Headers */ = {isa = PBXBuildFile; fileRef = 509BD8E21DC14F500090B3C5 /* ScintillaWidget.h */; };
		509BD91B1DC14F500090B3C5 /* Accessor.h in Headers */ = {isa = PBXBuildFile; fileRef = 509BD8E41DC14F500090B3C5 /* Accessor.h */; };
		509BD91C1DC14F500090B3C5 /* CharacterCategory.h in Headers */ = {isa = PBXBuildFile; fileRef = 509BD8E51DC14F500090B3C5 /* CharacterCategory.h */; };
		509BD91D1DC14F500090B3C5 /* CharacterSet.h in Headers */ = {isa = PBXBuildFile; fileRef = 509BD8E61DC14F500090B3C5 /* CharacterSet.h */; };
		509BD91E1DC14F500090B3C5 /* LexAccessor.h in Headers */ = {isa = PBXBuildFile; fileRef = 509BD8E71DC14F500090B3C5 /* LexAccessor.h */; };
		509BD91F1DC14F500090B3C5 /* LexerBase.h in Headers */ = {isa = PBXBuildFile; fileRef = 509BD8E81DC14F500090B3C5 /* LexerBase.h */; };
		509BD9201DC14F500090B3C5 /* LexerModule.h in Headers */ = {isa = PBXBuildFile; fileRef = 509BD8E91DC14F500090B3C5 /* LexerModule.h */; };
		509BD9211DC14F500090B3C5 /* LexerNoExceptions.h in Headers */ = {isa = PBXBuildFile; fileRef = 509BD8EA1DC14F500090B3C5 /* LexerNoExceptions.h */; };
		509BD9221DC14F500090B3C5 /* LexerSimple.h in Headers */ = {isa = PBXBuildFile; fileRef = 509BD8EB1DC14F500090B3C5 /* LexerSimple.h */; };
		509BD9231DC14F500090B3C5 /* OptionSet.h in Headers */ = {isa = PBXBuildFile; fileRef = 509BD8EC1DC14F500090B3C5 /* OptionSet.h */; };
		509BD9241DC14F500090B3C5 /* PropSetSimple.h in Headers */ = {isa = PBXBuildFile; fileRef = 509BD8ED1DC14F500090B3C5 /* PropSetSimple.h */; };
		509BD9251DC14F500090B3C5 /* SparseState.h in Headers */ = {isa = PBXBuildFile; fileRef = 509BD8EE1DC14F500090B3C5 /* SparseState.h */; };
		509BD9261DC14F500090B3C5 /* StringCopy.h in Headers */ = {isa = PBXBuildFile; fileRef = 509BD8EF1DC14F500090B3C5 /* StringCopy.h */; };
		509BD9271DC14F500090B3C5 /* StyleContext.h in Headers */ = {isa = PBXBuildFile; fileRef = 509BD8F01DC14F500090B3C5 /* StyleContext.h */; };
		509BD9281DC14F500090B3C5 /* SubStyles.h in Headers */ = {isa = PBXBuildFile; fileRef = 509BD8F11DC14F500090B3C5 /* SubStyles.h */; };
		509BD9291DC14F500090B3C5 /* WordList.h in Headers */ = {isa = PBXBuildFile; fileRef = 509BD8F21DC14F500090B3C5 /* WordList.h */; };
		509BD94F1DC15D780090B3C5 /* module.cpp in Sources */ = {isa = PBXBuildFile; fileRef = 509BD94D1DC15D780090B3C5 /* module.cpp */; };
		509BD9501DC15D780090B3C5 /* module.hpp in Headers */ = {isa = PBXBuildFile; fileRef = 509BD94E1DC15D780090B3C5 /* module.hpp */; };
/* End PBXBuildFile section */

/* Begin PBXFileReference section */
		509BD8CA1DC14E750090B3C5 /* libfblexer.dylib */ = {isa = PBXFileReference; explicitFileType = "compiled.mach-o.dylib"; includeInIndex = 0; path = libfblexer.dylib; sourceTree = BUILT_PRODUCTS_DIR; };
		509BD8D71DC14EAA0090B3C5 /* lexer.cpp */ = {isa = PBXFileReference; fileEncoding = 4; lastKnownFileType = sourcecode.cpp.cpp; path = lexer.cpp; sourceTree = "<group>"; };
		509BD8D81DC14EAA0090B3C5 /* lexer.hpp */ = {isa = PBXFileReference; fileEncoding = 4; lastKnownFileType = sourcecode.cpp.h; path = lexer.hpp; sourceTree = "<group>"; };
		509BD8DD1DC14F500090B3C5 /* ILexer.h */ = {isa = PBXFileReference; fileEncoding = 4; lastKnownFileType = sourcecode.c.h; path = ILexer.h; sourceTree = "<group>"; };
		509BD8DE1DC14F500090B3C5 /* Platform.h */ = {isa = PBXFileReference; fileEncoding = 4; lastKnownFileType = sourcecode.c.h; path = Platform.h; sourceTree = "<group>"; };
		509BD8DF1DC14F500090B3C5 /* Sci_Position.h */ = {isa = PBXFileReference; fileEncoding = 4; lastKnownFileType = sourcecode.c.h; path = Sci_Position.h; sourceTree = "<group>"; };
		509BD8E01DC14F500090B3C5 /* SciLexer.h */ = {isa = PBXFileReference; fileEncoding = 4; lastKnownFileType = sourcecode.c.h; path = SciLexer.h; sourceTree = "<group>"; };
		509BD8E11DC14F500090B3C5 /* Scintilla.h */ = {isa = PBXFileReference; fileEncoding = 4; lastKnownFileType = sourcecode.c.h; path = Scintilla.h; sourceTree = "<group>"; };
		509BD8E21DC14F500090B3C5 /* ScintillaWidget.h */ = {isa = PBXFileReference; fileEncoding = 4; lastKnownFileType = sourcecode.c.h; path = ScintillaWidget.h; sourceTree = "<group>"; };
		509BD8E41DC14F500090B3C5 /* Accessor.h */ = {isa = PBXFileReference; fileEncoding = 4; lastKnownFileType = sourcecode.c.h; path = Accessor.h; sourceTree = "<group>"; };
		509BD8E51DC14F500090B3C5 /* CharacterCategory.h */ = {isa = PBXFileReference; fileEncoding = 4; lastKnownFileType = sourcecode.c.h; path = CharacterCategory.h; sourceTree = "<group>"; };
		509BD8E61DC14F500090B3C5 /* CharacterSet.h */ = {isa = PBXFileReference; fileEncoding = 4; lastKnownFileType = sourcecode.c.h; path = CharacterSet.h; sourceTree = "<group>"; };
		509BD8E71DC14F500090B3C5 /* LexAccessor.h */ = {isa = PBXFileReference; fileEncoding = 4; lastKnownFileType = sourcecode.c.h; path = LexAccessor.h; sourceTree = "<group>"; };
		509BD8E81DC14F500090B3C5 /* LexerBase.h */ = {isa = PBXFileReference; fileEncoding = 4; lastKnownFileType = sourcecode.c.h; path = LexerBase.h; sourceTree = "<group>"; };
		509BD8E91DC14F500090B3C5 /* LexerModule.h */ = {isa = PBXFileReference; fileEncoding = 4; lastKnownFileType = sourcecode.c.h; path = LexerModule.h; sourceTree = "<group>"; };
		509BD8EA1DC14F500090B3C5 /* LexerNoExceptions.h */ = {isa = PBXFileReference; fileEncoding = 4; lastKnownFileType = sourcecode.c.h; path = LexerNoExceptions.h; sourceTree = "<group>"; };
		509BD8EB1DC14F500090B3C5 /* LexerSimple.h */ = {isa = PBXFileReference; fileEncoding = 4; lastKnownFileType = sourcecode.c.h; path = LexerSimple.h; sourceTree = "<group>"; };
		509BD8EC1DC14F500090B3C5 /* OptionSet.h */ = {isa = PBXFileReference; fileEncoding = 4; lastKnownFileType = sourcecode.c.h; path = OptionSet.h; sourceTree = "<group>"; };
		509BD8ED1DC14F500090B3C5 /* PropSetSimple.h */ = {isa = PBXFileReference; fileEncoding = 4; lastKnownFileType = sourcecode.c.h; path = PropSetSimple.h; sourceTree = "<group>"; };
		509BD8EE1DC14F500090B3C5 /* SparseState.h */ = {isa = PBXFileReference; fileEncoding = 4; lastKnownFileType = sourcecode.c.h; path = SparseState.h; sourceTree = "<group>"; };
		509BD8EF1DC14F500090B3C5 /* StringCopy.h */ = {isa = PBXFileReference; fileEncoding = 4; lastKnownFileType = sourcecode.c.h; path = StringCopy.h; sourceTree = "<group>"; };
		509BD8F01DC14F500090B3C5 /* StyleContext.h */ = {isa = PBXFileReference; fileEncoding = 4; lastKnownFileType = sourcecode.c.h; path = StyleContext.h; sourceTree = "<group>"; };
		509BD8F11DC14F500090B3C5 /* SubStyles.h */ = {isa = PBXFileReference; fileEncoding = 4; lastKnownFileType = sourcecode.c.h; path = SubStyles.h; sourceTree = "<group>"; };
		509BD8F21DC14F500090B3C5 /* WordList.h */ = {isa = PBXFileReference; fileEncoding = 4; lastKnownFileType = sourcecode.c.h; path = WordList.h; sourceTree = "<group>"; };
		509BD94D1DC15D780090B3C5 /* module.cpp */ = {isa = PBXFileReference; fileEncoding = 4; lastKnownFileType = sourcecode.cpp.cpp; path = module.cpp; sourceTree = "<group>"; };
		509BD94E1DC15D780090B3C5 /* module.hpp */ = {isa = PBXFileReference; fileEncoding = 4; lastKnownFileType = sourcecode.cpp.h; path = module.hpp; sourceTree = "<group>"; };
/* End PBXFileReference section */

/* Begin PBXFrameworksBuildPhase section */
		509BD8C71DC14E750090B3C5 /* Frameworks */ = {
			isa = PBXFrameworksBuildPhase;
			buildActionMask = 2147483647;
			files = (
			);
			runOnlyForDeploymentPostprocessing = 0;
		};
/* End PBXFrameworksBuildPhase section */

/* Begin PBXGroup section */
		509BD8C11DC14E750090B3C5 = {
			isa = PBXGroup;
			children = (
				509BD8DB1DC14F500090B3C5 /* scintilla */,
				509BD94E1DC15D780090B3C5 /* module.hpp */,
				509BD94D1DC15D780090B3C5 /* module.cpp */,
				509BD8D81DC14EAA0090B3C5 /* lexer.hpp */,
				509BD8D71DC14EAA0090B3C5 /* lexer.cpp */,
				509BD8CB1DC14E750090B3C5 /* Products */,
			);
			sourceTree = "<group>";
		};
		509BD8CB1DC14E750090B3C5 /* Products */ = {
			isa = PBXGroup;
			children = (
				509BD8CA1DC14E750090B3C5 /* libfblexer.dylib */,
			);
			name = Products;
			sourceTree = "<group>";
		};
		509BD8DB1DC14F500090B3C5 /* scintilla */ = {
			isa = PBXGroup;
			children = (
				509BD8DC1DC14F500090B3C5 /* include */,
				509BD8E31DC14F500090B3C5 /* lexlib */,
			);
			path = scintilla;
			sourceTree = "<group>";
		};
		509BD8DC1DC14F500090B3C5 /* include */ = {
			isa = PBXGroup;
			children = (
				509BD8DD1DC14F500090B3C5 /* ILexer.h */,
				509BD8DE1DC14F500090B3C5 /* Platform.h */,
				509BD8DF1DC14F500090B3C5 /* Sci_Position.h */,
				509BD8E01DC14F500090B3C5 /* SciLexer.h */,
				509BD8E11DC14F500090B3C5 /* Scintilla.h */,
				509BD8E21DC14F500090B3C5 /* ScintillaWidget.h */,
			);
			path = include;
			sourceTree = "<group>";
		};
		509BD8E31DC14F500090B3C5 /* lexlib */ = {
			isa = PBXGroup;
			children = (
				509BD8E41DC14F500090B3C5 /* Accessor.h */,
				509BD8E51DC14F500090B3C5 /* CharacterCategory.h */,
				509BD8E61DC14F500090B3C5 /* CharacterSet.h */,
				509BD8E71DC14F500090B3C5 /* LexAccessor.h */,
				509BD8E81DC14F500090B3C5 /* LexerBase.h */,
				509BD8E91DC14F500090B3C5 /* LexerModule.h */,
				509BD8EA1DC14F500090B3C5 /* LexerNoExceptions.h */,
				509BD8EB1DC14F500090B3C5 /* LexerSimple.h */,
				509BD8EC1DC14F500090B3C5 /* OptionSet.h */,
				509BD8ED1DC14F500090B3C5 /* PropSetSimple.h */,
				509BD8EE1DC14F500090B3C5 /* SparseState.h */,
				509BD8EF1DC14F500090B3C5 /* StringCopy.h */,
				509BD8F01DC14F500090B3C5 /* StyleContext.h */,
				509BD8F11DC14F500090B3C5 /* SubStyles.h */,
				509BD8F21DC14F500090B3C5 /* WordList.h */,
			);
			path = lexlib;
			sourceTree = "<group>";
		};
/* End PBXGroup section */

/* Begin PBXHeadersBuildPhase section */
		509BD8C81DC14E750090B3C5 /* Headers */ = {
			isa = PBXHeadersBuildPhase;
			buildActionMask = 2147483647;
			files = (
				509BD9181DC14F500090B3C5 /* SciLexer.h in Headers */,
				509BD9161DC14F500090B3C5 /* Platform.h in Headers */,
				509BD9191DC14F500090B3C5 /* Scintilla.h in Headers */,
				509BD91E1DC14F500090B3C5 /* LexAccessor.h in Headers */,
				509BD9261DC14F500090B3C5 /* StringCopy.h in Headers */,
				509BD9211DC14F500090B3C5 /* LexerNoExceptions.h in Headers */,
				509BD91F1DC14F500090B3C5 /* LexerBase.h in Headers */,
				509BD9231DC14F500090B3C5 /* OptionSet.h in Headers */,
				509BD9221DC14F500090B3C5 /* LexerSimple.h in Headers */,
				509BD9251DC14F500090B3C5 /* SparseState.h in Headers */,
				509BD91C1DC14F500090B3C5 /* CharacterCategory.h in Headers */,
				509BD91B1DC14F500090B3C5 /* Accessor.h in Headers */,
				509BD9291DC14F500090B3C5 /* WordList.h in Headers */,
				509BD8DA1DC14EAA0090B3C5 /* lexer.hpp in Headers */,
				509BD9201DC14F500090B3C5 /* LexerModule.h in Headers */,
				509BD9271DC14F500090B3C5 /* StyleContext.h in Headers */,
				509BD9151DC14F500090B3C5 /* ILexer.h in Headers */,
				509BD91D1DC14F500090B3C5 /* CharacterSet.h in Headers */,
				509BD9501DC15D780090B3C5 /* module.hpp in Headers */,
				509BD9281DC14F500090B3C5 /* SubStyles.h in Headers */,
				509BD9171DC14F500090B3C5 /* Sci_Position.h in Headers */,
				509BD91A1DC14F500090B3C5 /* ScintillaWidget.h in Headers */,
				509BD9241DC14F500090B3C5 /* PropSetSimple.h in Headers */,
			);
			runOnlyForDeploymentPostprocessing = 0;
		};
/* End PBXHeadersBuildPhase section */

/* Begin PBXNativeTarget section */
		509BD8C91DC14E750090B3C5 /* fblexer */ = {
			isa = PBXNativeTarget;
			buildConfigurationList = 509BD8CE1DC14E750090B3C5 /* Build configuration list for PBXNativeTarget "fblexer" */;
			buildPhases = (
				509BD8C61DC14E750090B3C5 /* Sources */,
				509BD8C71DC14E750090B3C5 /* Frameworks */,
				509BD8C81DC14E750090B3C5 /* Headers */,
			);
			buildRules = (
			);
			dependencies = (
			);
			name = fblexer;
			productName = fblexer;
			productReference = 509BD8CA1DC14E750090B3C5 /* libfblexer.dylib */;
			productType = "com.apple.product-type.library.dynamic";
		};
/* End PBXNativeTarget section */

/* Begin PBXProject section */
		509BD8C21DC14E750090B3C5 /* Project object */ = {
			isa = PBXProject;
			attributes = {
				LastUpgradeCheck = 0800;
				ORGANIZATIONNAME = albeva;
				TargetAttributes = {
					509BD8C91DC14E750090B3C5 = {
						CreatedOnToolsVersion = 8.0;
						DevelopmentTeam = KUG76BHNP9;
						ProvisioningStyle = Automatic;
					};
				};
			};
			buildConfigurationList = 509BD8C51DC14E750090B3C5 /* Build configuration list for PBXProject "fblexer" */;
			compatibilityVersion = "Xcode 3.2";
			developmentRegion = English;
			hasScannedForEncodings = 0;
			knownRegions = (
				en,
			);
			mainGroup = 509BD8C11DC14E750090B3C5;
			productRefGroup = 509BD8CB1DC14E750090B3C5 /* Products */;
			projectDirPath = "";
			projectRoot = "";
			targets = (
				509BD8C91DC14E750090B3C5 /* fblexer */,
			);
		};
/* End PBXProject section */

/* Begin PBXSourcesBuildPhase section */
		509BD8C61DC14E750090B3C5 /* Sources */ = {
			isa = PBXSourcesBuildPhase;
			buildActionMask = 2147483647;
			files = (
				509BD8D91DC14EAA0090B3C5 /* lexer.cpp in Sources */,
				509BD94F1DC15D780090B3C5 /* module.cpp in Sources */,
			);
			runOnlyForDeploymentPostprocessing = 0;
		};
/* End PBXSourcesBuildPhase section */

/* Begin XCBuildConfiguration section */
		509BD8CC1DC14E750090B3C5 /* Debug */ = {
			isa = XCBuildConfiguration;
			buildSettings = {
				ALWAYS_SEARCH_USER_PATHS = NO;
				CLANG_ANALYZER_NONNULL = YES;
				CLANG_CXX_LANGUAGE_STANDARD = "gnu++0x";
				CLANG_CXX_LIBRARY = "libc++";
				CLANG_ENABLE_MODULES = YES;
				CLANG_ENABLE_OBJC_ARC = YES;
				CLANG_WARN_BOOL_CONVERSION = YES;
				CLANG_WARN_CONSTANT_CONVERSION = YES;
				CLANG_WARN_DIRECT_OBJC_ISA_USAGE = YES_ERROR;
				CLANG_WARN_DOCUMENTATION_COMMENTS = YES;
				CLANG_WARN_EMPTY_BODY = YES;
				CLANG_WARN_ENUM_CONVERSION = YES;
				CLANG_WARN_INFINITE_RECURSION = YES;
				CLANG_WARN_INT_CONVERSION = YES;
				CLANG_WARN_OBJC_ROOT_CLASS = YES_ERROR;
				CLANG_WARN_SUSPICIOUS_MOVES = YES;
				CLANG_WARN_UNREACHABLE_CODE = YES;
				CLANG_WARN__DUPLICATE_METHOD_MATCH = YES;
				CODE_SIGN_IDENTITY = "-";
				COPY_PHASE_STRIP = NO;
				DEBUG_INFORMATION_FORMAT = dwarf;
				ENABLE_STRICT_OBJC_MSGSEND = YES;
				ENABLE_TESTABILITY = YES;
				GCC_C_LANGUAGE_STANDARD = gnu99;
				GCC_DYNAMIC_NO_PIC = NO;
				GCC_NO_COMMON_BLOCKS = YES;
				GCC_OPTIMIZATION_LEVEL = 0;
				GCC_PREPROCESSOR_DEFINITIONS = (
					"DEBUG=1",
					"$(inherited)",
				);
				GCC_WARN_64_TO_32_BIT_CONVERSION = YES;
				GCC_WARN_ABOUT_RETURN_TYPE = YES_ERROR;
				GCC_WARN_UNDECLARED_SELECTOR = YES;
				GCC_WARN_UNINITIALIZED_AUTOS = YES_AGGRESSIVE;
				GCC_WARN_UNUSED_FUNCTION = YES;
				GCC_WARN_UNUSED_VARIABLE = YES;
				MACOSX_DEPLOYMENT_TARGET = 10.12;
				MTL_ENABLE_DEBUG_INFO = YES;
				ONLY_ACTIVE_ARCH = YES;
				SDKROOT = macosx;
			};
			name = Debug;
		};
		509BD8CD1DC14E750090B3C5 /* Release */ = {
			isa = XCBuildConfiguration;
			buildSettings = {
				ALWAYS_SEARCH_USER_PATHS = NO;
				CLANG_ANALYZER_NONNULL = YES;
				CLANG_CXX_LANGUAGE_STANDARD = "gnu++0x";
				CLANG_CXX_LIBRARY = "libc++";
				CLANG_ENABLE_MODULES = YES;
				CLANG_ENABLE_OBJC_ARC = YES;
				CLANG_WARN_BOOL_CONVERSION = YES;
				CLANG_WARN_CONSTANT_CONVERSION = YES;
				CLANG_WARN_DIRECT_OBJC_ISA_USAGE = YES_ERROR;
				CLANG_WARN_DOCUMENTATION_COMMENTS = YES;
				CLANG_WARN_EMPTY_BODY = YES;
				CLANG_WARN_ENUM_CONVERSION = YES;
				CLANG_WARN_INFINITE_RECURSION = YES;
				CLANG_WARN_INT_CONVERSION = YES;
				CLANG_WARN_OBJC_ROOT_CLASS = YES_ERROR;
				CLANG_WARN_SUSPICIOUS_MOVES = YES;
				CLANG_WARN_UNREACHABLE_CODE = YES;
				CLANG_WARN__DUPLICATE_METHOD_MATCH = YES;
				CODE_SIGN_IDENTITY = "-";
				COPY_PHASE_STRIP = NO;
				DEBUG_INFORMATION_FORMAT = "dwarf-with-dsym";
				ENABLE_NS_ASSERTIONS = NO;
				ENABLE_STRICT_OBJC_MSGSEND = YES;
				GCC_C_LANGUAGE_STANDARD = gnu99;
				GCC_NO_COMMON_BLOCKS = YES;
				GCC_WARN_64_TO_32_BIT_CONVERSION = YES;
				GCC_WARN_ABOUT_RETURN_TYPE = YES_ERROR;
				GCC_WARN_UNDECLARED_SELECTOR = YES;
				GCC_WARN_UNINITIALIZED_AUTOS = YES_AGGRESSIVE;
				GCC_WARN_UNUSED_FUNCTION = YES;
				GCC_WARN_UNUSED_VARIABLE = YES;
				MACOSX_DEPLOYMENT_TARGET = 10.12;
				MTL_ENABLE_DEBUG_INFO = NO;
				SDKROOT = macosx;
			};
			name = Release;
		};
		509BD8CF1DC14E750090B3C5 /* Debug */ = {
			isa = XCBuildConfiguration;
			buildSettings = {
				CLANG_CXX_LANGUAGE_STANDARD = "gnu++14";
				DEVELOPMENT_TEAM = KUG76BHNP9;
				DYLIB_COMPATIBILITY_VERSION = 1;
				DYLIB_CURRENT_VERSION = 1;
				EXECUTABLE_PREFIX = lib;
				HEADER_SEARCH_PATHS = (
					scintilla/include,
					scintilla/lexlib,
				);
				OTHER_CPLUSPLUSFLAGS = (
					"$(OTHER_CFLAGS)",
					"-DSCI_NAMESPACE",
				);
				PRODUCT_NAME = "$(TARGET_NAME)";
			};
			name = Debug;
		};
		509BD8D01DC14E750090B3C5 /* Release */ = {
			isa = XCBuildConfiguration;
			buildSettings = {
				CLANG_CXX_LANGUAGE_STANDARD = "gnu++14";
				DEVELOPMENT_TEAM = KUG76BHNP9;
				DYLIB_COMPATIBILITY_VERSION = 1;
				DYLIB_CURRENT_VERSION = 1;
				EXECUTABLE_PREFIX = lib;
				HEADER_SEARCH_PATHS = (
					scintilla/include,
					scintilla/lexlib,
				);
				OTHER_CPLUSPLUSFLAGS = (
					"$(OTHER_CFLAGS)",
					"-DSCI_NAMESPACE",
				);
				PRODUCT_NAME = "$(TARGET_NAME)";
			};
			name = Release;
		};
/* End XCBuildConfiguration section */

/* Begin XCConfigurationList section */
		509BD8C51DC14E750090B3C5 /* Build configuration list for PBXProject "fblexer" */ = {
			isa = XCConfigurationList;
			buildConfigurations = (
				509BD8CC1DC14E750090B3C5 /* Debug */,
				509BD8CD1DC14E750090B3C5 /* Release */,
			);
			defaultConfigurationIsVisible = 0;
			defaultConfigurationName = Release;
		};
		509BD8CE1DC14E750090B3C5 /* Build configuration list for PBXNativeTarget "fblexer" */ = {
			isa = XCConfigurationList;
			buildConfigurations = (
				509BD8CF1DC14E750090B3C5 /* Debug */,
				509BD8D01DC14E750090B3C5 /* Release */,
			);
			defaultConfigurationIsVisible = 0;
		};
/* End XCConfigurationList section */
	};
	rootObject = 509BD8C21DC14E750090B3C5 /* Project object */;
}
